
Microsoft Visual Studio Solution File, Format Version 12.00
# Visual Studio Version 16
VisualStudioVersion = 16.0.29326.143
MinimumVisualStudioVersion = 10.0.40219.1
Project("{FAE04EC0-301F-11D3-BF4B-00C04F79EFBC}") = "1_first_file", "1_first_file\1_first_file.csproj", "{B17979C5-A625-4AEF-B311-1AEA341CEC42}"
EndProject
Global
	GlobalSection(SolutionConfigurationPlatforms) = preSolution
		Debug|Any CPU = Debug|Any CPU
		Release|Any CPU = Release|Any CPU
	EndGlobalSection
	GlobalSection(ProjectConfigurationPlatforms) = postSolution
		{B17979C5-A625-4AEF-B311-1AEA341CEC42}.Debug|Any CPU.ActiveCfg = Debug|Any CPU
		{B17979C5-A625-4AEF-B311-1AEA341CEC42}.Debug|Any CPU.Build.0 = Debug|Any CPU
		{B17979C5-A625-4AEF-B311-1AEA341CEC42}.Release|Any CPU.ActiveCfg = Release|Any CPU
		{B17979C5-A625-4AEF-B311-1AEA341CEC42}.Release|Any CPU.Build.0 = Release|Any CPU
	EndGlobalSection
	GlobalSection(SolutionProperties) = preSolution
		HideSolutionNode = FALSE
	EndGlobalSection
	GlobalSection(ExtensibilityGlobals) = postSolution
		SolutionGuid = {379E3D8A-502D-420F-B91F-64D564BA7588}
	EndGlobalSection
EndGlobal
