
Microsoft Visual Studio Solution File, Format Version 12.00
# Visual Studio Version 16
VisualStudioVersion = 16.0.29326.143
MinimumVisualStudioVersion = 10.0.40219.1
Project("{FAE04EC0-301F-11D3-BF4B-00C04F79EFBC}") = "ConsoleApp7 funkcje4", "ConsoleApp7 funkcje4\ConsoleApp7 funkcje4.csproj", "{5B493A70-BB5A-466B-9F36-E7A6384025C9}"
EndProject
Global
	GlobalSection(SolutionConfigurationPlatforms) = preSolution
		Debug|Any CPU = Debug|Any CPU
		Release|Any CPU = Release|Any CPU
	EndGlobalSection
	GlobalSection(ProjectConfigurationPlatforms) = postSolution
		{5B493A70-BB5A-466B-9F36-E7A6384025C9}.Debug|Any CPU.ActiveCfg = Debug|Any CPU
		{5B493A70-BB5A-466B-9F36-E7A6384025C9}.Debug|Any CPU.Build.0 = Debug|Any CPU
		{5B493A70-BB5A-466B-9F36-E7A6384025C9}.Release|Any CPU.ActiveCfg = Release|Any CPU
		{5B493A70-BB5A-466B-9F36-E7A6384025C9}.Release|Any CPU.Build.0 = Release|Any CPU
	EndGlobalSection
	GlobalSection(SolutionProperties) = preSolution
		HideSolutionNode = FALSE
	EndGlobalSection
	GlobalSection(ExtensibilityGlobals) = postSolution
		SolutionGuid = {7D270A9B-D61F-40BB-8AEF-FB97DCADFE88}
	EndGlobalSection
EndGlobal
