
Microsoft Visual Studio Solution File, Format Version 12.00
# Visual Studio Version 16
VisualStudioVersion = 16.0.29326.143
MinimumVisualStudioVersion = 10.0.40219.1
Project("{FAE04EC0-301F-11D3-BF4B-00C04F79EFBC}") = "ConsoleApp2", "ConsoleApp2\ConsoleApp2.csproj", "{7CD29813-7CCE-41A4-A985-7E447824D572}"
EndProject
Global
	GlobalSection(SolutionConfigurationPlatforms) = preSolution
		Debug|Any CPU = Debug|Any CPU
		Release|Any CPU = Release|Any CPU
	EndGlobalSection
	GlobalSection(ProjectConfigurationPlatforms) = postSolution
		{7CD29813-7CCE-41A4-A985-7E447824D572}.Debug|Any CPU.ActiveCfg = Debug|Any CPU
		{7CD29813-7CCE-41A4-A985-7E447824D572}.Debug|Any CPU.Build.0 = Debug|Any CPU
		{7CD29813-7CCE-41A4-A985-7E447824D572}.Release|Any CPU.ActiveCfg = Release|Any CPU
		{7CD29813-7CCE-41A4-A985-7E447824D572}.Release|Any CPU.Build.0 = Release|Any CPU
	EndGlobalSection
	GlobalSection(SolutionProperties) = preSolution
		HideSolutionNode = FALSE
	EndGlobalSection
	GlobalSection(ExtensibilityGlobals) = postSolution
		SolutionGuid = {86348958-2CF7-45ED-B152-8217C5DC4A23}
	EndGlobalSection
EndGlobal
